<?xml version="1.0" encoding="utf-8"?>
<Project ToolsVersion="4.0" xmlns="http://schemas.microsoft.com/developer/msbuild/2003">
  <ItemGroup>
    <Filter Include="include">
      <UniqueIdentifier>{14bd5b1a-4b66-4a88-a663-982947f38b64}</UniqueIdentifier>
    </Filter>
    <Filter Include="include\common">
      <UniqueIdentifier>{34aae850-5f2a-4f8f-8199-33782a4f11c7}</UniqueIdentifier>
    </Filter>
    <Filter Include="src">
      <UniqueIdentifier>{d8d67157-9725-4631-85d3-0c58bdf52134}</UniqueIdentifier>
    </Filter>
    <Filter Include="src\common">
      <UniqueIdentifier>{74895e6c-3a19-4821-9b35-9a46ae109ac1}</UniqueIdentifier>
    </Filter>
    <Filter Include="include\common\Network">
      <UniqueIdentifier>{9c21b098-89eb-42ac-a5b6-3b2b2d9e0348}</UniqueIdentifier>
    </Filter>
    <Filter Include="src\common\Network">
      <UniqueIdentifier>{7ad2755b-7297-4301-a7ca-de728d42e37d}</UniqueIdentifier>
    </Filter>
  </ItemGroup>
  <ItemGroup>
    <ClInclude Include="..\..\include\common\common.h">
      <Filter>include\common</Filter>
    </ClInclude>
    <ClInclude Include="..\..\include\common\Exception.h">
      <Filter>include\common</Filter>
    </ClInclude>
    <ClInclude Include="..\..\include\common\TcpHandler.h">
      <Filter>include\common\Network</Filter>
    </ClInclude>
    <ClInclude Include="..\..\include\common\ChatMessage.h">
      <Filter>include\common\Network</Filter>
    </ClInclude>
    <ClInclude Include="..\..\include\common\RtpHandler.h">
      <Filter>include\common\Network</Filter>
    </ClInclude>
    <ClInclude Include="..\..\include\common\TcpRequest.h">
      <Filter>include\common\Network</Filter>
    </ClInclude>
    <ClInclude Include="..\..\include\common\TcpAcceptor.h">
      <Filter>include\common\Network</Filter>
    </ClInclude>
    <ClInclude Include="..\..\include\client\Client.h">
      <Filter>include</Filter>
    </ClInclude>
  </ItemGroup>
  <ItemGroup>
    <ClCompile Include="..\..\src\client\main.cpp">
      <Filter>src</Filter>
    </ClCompile>
    <ClCompile Include="..\..\src\common\TcpHandler.cpp">
      <Filter>src\common\Network</Filter>
    </ClCompile>
    <ClCompile Include="..\..\src\common\ChatMessage.cpp">
      <Filter>src\common\Network</Filter>
    </ClCompile>
    <ClCompile Include="..\..\src\common\RtpHandler.cpp">
      <Filter>src\common\Network</Filter>
    </ClCompile>
    <ClCompile Include="..\..\src\common\TcpRequest.cpp">
      <Filter>src\common\Network</Filter>
    </ClCompile>
    <ClCompile Include="..\..\src\common\TcpAcceptor.cpp">
      <Filter>src\common\Network</Filter>
    </ClCompile>
    <ClCompile Include="..\..\src\client\Client.cpp">
      <Filter>src</Filter>
    </ClCompile>
  </ItemGroup>
</Project>