<?xml version="1.0" encoding="utf-8"?>
<Project ToolsVersion="4.0" xmlns="http://schemas.microsoft.com/developer/msbuild/2003">
  <ItemGroup>
    <Filter Include="include">
      <UniqueIdentifier>{14bd5b1a-4b66-4a88-a663-982947f38b64}</UniqueIdentifier>
    </Filter>
    <Filter Include="include\common">
      <UniqueIdentifier>{34aae850-5f2a-4f8f-8199-33782a4f11c7}</UniqueIdentifier>
    </Filter>
    <Filter Include="src">
      <UniqueIdentifier>{d8d67157-9725-4631-85d3-0c58bdf52134}</UniqueIdentifier>
    </Filter>
    <Filter Include="src\common">
      <UniqueIdentifier>{74895e6c-3a19-4821-9b35-9a46ae109ac1}</UniqueIdentifier>
    </Filter>
  </ItemGroup>
  <ItemGroup>
    <ClInclude Include="..\..\include\common\common.h">
      <Filter>include\common</Filter>
    </ClInclude>
    <ClInclude Include="..\..\include\common\Exception.h">
      <Filter>include\common</Filter>
    </ClInclude>
    <ClInclude Include="..\..\include\client\FrameRenderer.h">
      <Filter>include</Filter>
    </ClInclude>
    <ClInclude Include="..\..\include\common\RtpTransmitter.h">
      <Filter>include\common</Filter>
    </ClInclude>
    <ClInclude Include="..\..\include\common\RtpReceiver.h">
      <Filter>include\common</Filter>
    </ClInclude>
    <ClInclude Include="..\..\include\common\RTPCommon.h">
      <Filter>include\common</Filter>
    </ClInclude>
    <ClInclude Include="..\..\include\common\TcpHandler.h">
      <Filter>include\common</Filter>
    </ClInclude>
    <ClInclude Include="..\..\include\common\TcpReceiver.h">
      <Filter>include\common</Filter>
    </ClInclude>
    <ClInclude Include="..\..\include\common\TcpTransmitter.h">
      <Filter>include\common</Filter>
    </ClInclude>
    <ClInclude Include="..\..\include\common\TcpListener.h">
      <Filter>include\common</Filter>
    </ClInclude>
  </ItemGroup>
  <ItemGroup>
    <ClCompile Include="..\..\src\client\main.cpp">
      <Filter>src</Filter>
    </ClCompile>
    <ClCompile Include="..\..\src\common\RtpTransmitter.cpp">
      <Filter>src\common</Filter>
    </ClCompile>
    <ClCompile Include="..\..\src\common\RtpReceiver.cpp">
      <Filter>src\common</Filter>
    </ClCompile>
    <ClCompile Include="..\..\src\client\FrameRenderer.cpp">
      <Filter>src</Filter>
    </ClCompile>
    <ClCompile Include="..\..\src\common\TcpReceiver.cpp">
      <Filter>src\common</Filter>
    </ClCompile>
    <ClCompile Include="..\..\src\common\TcpTransmitter.cpp">
      <Filter>src\common</Filter>
    </ClCompile>
    <ClCompile Include="..\..\src\common\TcpListener.cpp">
      <Filter>src\common</Filter>
    </ClCompile>
  </ItemGroup>
</Project>